
Microsoft Visual Studio Solution File, Format Version 12.00
# Visual Studio Version 17
VisualStudioVersion = 17.7.34018.315
MinimumVisualStudioVersion = 10.0.40219.1
Project("{FAE04EC0-301F-11D3-BF4B-00C04F79EFBC}") = "week6Lecture", "week6Lecture\week6Lecture.csproj", "{511F7FF0-C13A-45BE-9640-C051AC4FFE08}"
EndProject
Global
	GlobalSection(SolutionConfigurationPlatforms) = preSolution
		Debug|Any CPU = Debug|Any CPU
		Release|Any CPU = Release|Any CPU
	EndGlobalSection
	GlobalSection(ProjectConfigurationPlatforms) = postSolution
		{511F7FF0-C13A-45BE-9640-C051AC4FFE08}.Debug|Any CPU.ActiveCfg = Debug|Any CPU
		{511F7FF0-C13A-45BE-9640-C051AC4FFE08}.Debug|Any CPU.Build.0 = Debug|Any CPU
		{511F7FF0-C13A-45BE-9640-C051AC4FFE08}.Release|Any CPU.ActiveCfg = Release|Any CPU
		{511F7FF0-C13A-45BE-9640-C051AC4FFE08}.Release|Any CPU.Build.0 = Release|Any CPU
	EndGlobalSection
	GlobalSection(SolutionProperties) = preSolution
		HideSolutionNode = FALSE
	EndGlobalSection
	GlobalSection(ExtensibilityGlobals) = postSolution
		SolutionGuid = {5305B1ED-782E-4673-A1D3-E861BA501DD9}
	EndGlobalSection
EndGlobal
