
Microsoft Visual Studio Solution File, Format Version 12.00
# Visual Studio Version 17
VisualStudioVersion = 17.7.34018.315
MinimumVisualStudioVersion = 10.0.40219.1
Project("{FAE04EC0-301F-11D3-BF4B-00C04F79EFBC}") = "week5ProjectVersion2", "week5ProjectVersion2\week5ProjectVersion2.csproj", "{870113A8-D107-46B5-9E4A-B017C2EA1852}"
EndProject
Global
	GlobalSection(SolutionConfigurationPlatforms) = preSolution
		Debug|Any CPU = Debug|Any CPU
		Release|Any CPU = Release|Any CPU
	EndGlobalSection
	GlobalSection(ProjectConfigurationPlatforms) = postSolution
		{870113A8-D107-46B5-9E4A-B017C2EA1852}.Debug|Any CPU.ActiveCfg = Debug|Any CPU
		{870113A8-D107-46B5-9E4A-B017C2EA1852}.Debug|Any CPU.Build.0 = Debug|Any CPU
		{870113A8-D107-46B5-9E4A-B017C2EA1852}.Release|Any CPU.ActiveCfg = Release|Any CPU
		{870113A8-D107-46B5-9E4A-B017C2EA1852}.Release|Any CPU.Build.0 = Release|Any CPU
	EndGlobalSection
	GlobalSection(SolutionProperties) = preSolution
		HideSolutionNode = FALSE
	EndGlobalSection
	GlobalSection(ExtensibilityGlobals) = postSolution
		SolutionGuid = {BD4D846C-ADB4-4863-BC5D-C19339FAE5B2}
	EndGlobalSection
EndGlobal
